
Microsoft Visual Studio Solution File, Format Version 12.00
# Visual Studio 2012
Project("{FAE04EC0-301F-11D3-BF4B-00C04F79EFBC}") = "3dEditor", "3dEditor\3dEditor.csproj", "{A58244ED-5CFD-4972-BDD5-B7B579DADD30}"
EndProject
Project("{FAE04EC0-301F-11D3-BF4B-00C04F79EFBC}") = "EditorLib", "EditorLib\EditorLib.csproj", "{910F9DBC-754D-47AE-BAB4-F24EC4268ACF}"
EndProject
Project("{FAE04EC0-301F-11D3-BF4B-00C04F79EFBC}") = "RayTracerLib", "RayTracerLib\RayTracerLib.csproj", "{1276C07D-7BA3-466C-8D0E-3B4342F3583E}"
EndProject
Project("{FAE04EC0-301F-11D3-BF4B-00C04F79EFBC}") = "RayTracerForm", "RayTracerForm\RayTracerForm.csproj", "{076963B2-ABF6-47E9-85C8-A7D268DA9E9D}"
EndProject
Global
	GlobalSection(SubversionScc) = preSolution
		Svn-Managed = True
		Manager = AnkhSVN - Subversion Support for Visual Studio
	EndGlobalSection
	GlobalSection(SolutionConfigurationPlatforms) = preSolution
		Debug|Any CPU = Debug|Any CPU
		Release|Any CPU = Release|Any CPU
	EndGlobalSection
	GlobalSection(ProjectConfigurationPlatforms) = postSolution
		{A58244ED-5CFD-4972-BDD5-B7B579DADD30}.Debug|Any CPU.ActiveCfg = Debug|Any CPU
		{A58244ED-5CFD-4972-BDD5-B7B579DADD30}.Debug|Any CPU.Build.0 = Debug|Any CPU
		{A58244ED-5CFD-4972-BDD5-B7B579DADD30}.Release|Any CPU.ActiveCfg = Release|Any CPU
		{A58244ED-5CFD-4972-BDD5-B7B579DADD30}.Release|Any CPU.Build.0 = Release|Any CPU
		{910F9DBC-754D-47AE-BAB4-F24EC4268ACF}.Debug|Any CPU.ActiveCfg = Debug|Any CPU
		{910F9DBC-754D-47AE-BAB4-F24EC4268ACF}.Debug|Any CPU.Build.0 = Debug|Any CPU
		{910F9DBC-754D-47AE-BAB4-F24EC4268ACF}.Release|Any CPU.ActiveCfg = Release|Any CPU
		{910F9DBC-754D-47AE-BAB4-F24EC4268ACF}.Release|Any CPU.Build.0 = Release|Any CPU
		{1276C07D-7BA3-466C-8D0E-3B4342F3583E}.Debug|Any CPU.ActiveCfg = Debug|Any CPU
		{1276C07D-7BA3-466C-8D0E-3B4342F3583E}.Debug|Any CPU.Build.0 = Debug|Any CPU
		{1276C07D-7BA3-466C-8D0E-3B4342F3583E}.Release|Any CPU.ActiveCfg = Release|Any CPU
		{1276C07D-7BA3-466C-8D0E-3B4342F3583E}.Release|Any CPU.Build.0 = Release|Any CPU
		{076963B2-ABF6-47E9-85C8-A7D268DA9E9D}.Debug|Any CPU.ActiveCfg = Debug|Any CPU
		{076963B2-ABF6-47E9-85C8-A7D268DA9E9D}.Debug|Any CPU.Build.0 = Debug|Any CPU
		{076963B2-ABF6-47E9-85C8-A7D268DA9E9D}.Release|Any CPU.ActiveCfg = Release|Any CPU
		{076963B2-ABF6-47E9-85C8-A7D268DA9E9D}.Release|Any CPU.Build.0 = Release|Any CPU
	EndGlobalSection
	GlobalSection(SolutionProperties) = preSolution
		HideSolutionNode = FALSE
	EndGlobalSection
EndGlobal
